
Microsoft Visual Studio Solution File, Format Version 12.00
# Visual Studio Version 16
VisualStudioVersion = 16.0.32510.428
MinimumVisualStudioVersion = 10.0.40219.1
Project("{FAE04EC0-301F-11D3-BF4B-00C04F79EFBC}") = "WebApplication09", "WebApplication09\WebApplication09.csproj", "{CC993C92-8230-459A-9426-5C5D8ABA2F07}"
EndProject
Global
	GlobalSection(SolutionConfigurationPlatforms) = preSolution
		Debug|Any CPU = Debug|Any CPU
		Release|Any CPU = Release|Any CPU
	EndGlobalSection
	GlobalSection(ProjectConfigurationPlatforms) = postSolution
		{CC993C92-8230-459A-9426-5C5D8ABA2F07}.Debug|Any CPU.ActiveCfg = Debug|Any CPU
		{CC993C92-8230-459A-9426-5C5D8ABA2F07}.Debug|Any CPU.Build.0 = Debug|Any CPU
		{CC993C92-8230-459A-9426-5C5D8ABA2F07}.Release|Any CPU.ActiveCfg = Release|Any CPU
		{CC993C92-8230-459A-9426-5C5D8ABA2F07}.Release|Any CPU.Build.0 = Release|Any CPU
	EndGlobalSection
	GlobalSection(SolutionProperties) = preSolution
		HideSolutionNode = FALSE
	EndGlobalSection
	GlobalSection(ExtensibilityGlobals) = postSolution
		SolutionGuid = {E5F4AE51-1D06-4480-A55D-F70F5B630F47}
	EndGlobalSection
EndGlobal
