
Microsoft Visual Studio Solution File, Format Version 12.00
# Visual Studio Version 16
VisualStudioVersion = 16.0.32510.428
MinimumVisualStudioVersion = 10.0.40219.1
Project("{FAE04EC0-301F-11D3-BF4B-00C04F79EFBC}") = "student class", "student class\student class.csproj", "{6479BAFD-6B84-438C-A247-1FE012919B45}"
EndProject
Global
	GlobalSection(SolutionConfigurationPlatforms) = preSolution
		Debug|Any CPU = Debug|Any CPU
		Release|Any CPU = Release|Any CPU
	EndGlobalSection
	GlobalSection(ProjectConfigurationPlatforms) = postSolution
		{6479BAFD-6B84-438C-A247-1FE012919B45}.Debug|Any CPU.ActiveCfg = Debug|Any CPU
		{6479BAFD-6B84-438C-A247-1FE012919B45}.Debug|Any CPU.Build.0 = Debug|Any CPU
		{6479BAFD-6B84-438C-A247-1FE012919B45}.Release|Any CPU.ActiveCfg = Release|Any CPU
		{6479BAFD-6B84-438C-A247-1FE012919B45}.Release|Any CPU.Build.0 = Release|Any CPU
	EndGlobalSection
	GlobalSection(SolutionProperties) = preSolution
		HideSolutionNode = FALSE
	EndGlobalSection
	GlobalSection(ExtensibilityGlobals) = postSolution
		SolutionGuid = {020B96DB-A081-4232-A94F-958568068352}
	EndGlobalSection
EndGlobal
