
Microsoft Visual Studio Solution File, Format Version 12.00
# Visual Studio Version 16
VisualStudioVersion = 16.0.32510.428
MinimumVisualStudioVersion = 10.0.40219.1
Project("{FAE04EC0-301F-11D3-BF4B-00C04F79EFBC}") = "jagged array", "jagged array\jagged array.csproj", "{42328E86-5537-4C21-A060-1A77E19D5955}"
EndProject
Global
	GlobalSection(SolutionConfigurationPlatforms) = preSolution
		Debug|Any CPU = Debug|Any CPU
		Release|Any CPU = Release|Any CPU
	EndGlobalSection
	GlobalSection(ProjectConfigurationPlatforms) = postSolution
		{42328E86-5537-4C21-A060-1A77E19D5955}.Debug|Any CPU.ActiveCfg = Debug|Any CPU
		{42328E86-5537-4C21-A060-1A77E19D5955}.Debug|Any CPU.Build.0 = Debug|Any CPU
		{42328E86-5537-4C21-A060-1A77E19D5955}.Release|Any CPU.ActiveCfg = Release|Any CPU
		{42328E86-5537-4C21-A060-1A77E19D5955}.Release|Any CPU.Build.0 = Release|Any CPU
	EndGlobalSection
	GlobalSection(SolutionProperties) = preSolution
		HideSolutionNode = FALSE
	EndGlobalSection
	GlobalSection(ExtensibilityGlobals) = postSolution
		SolutionGuid = {45B0F06C-0D2F-4553-B532-93AE9F8CA981}
	EndGlobalSection
EndGlobal
